
Microsoft Visual Studio Solution File, Format Version 12.00
# Visual Studio 15
VisualStudioVersion = 15.0.26228.9
MinimumVisualStudioVersion = 10.0.40219.1
Project("{2150E333-8FDC-42A3-9474-1A3956D46DE8}") = "src", "src", "{76C8C261-C3E5-4708-A352-41C0510CB3A0}"
EndProject
Project("{2150E333-8FDC-42A3-9474-1A3956D46DE8}") = "Solution Items", "Solution Items", "{299FF47C-9D8E-415A-8301-F4DDA828A2D1}"
	ProjectSection(SolutionItems) = preProject
		.gitignore = .gitignore
		appveyor.yml = appveyor.yml
		Build.ps1 = Build.ps1
		build.sh = build.sh
		License.txt = License.txt
		NuGet.config = NuGet.config
		README.md = README.md
	EndProjectSection
EndProject
Project("{2150E333-8FDC-42A3-9474-1A3956D46DE8}") = "test", "test", "{B3BA7BC4-C4C6-4538-A568-CB2DD883BA3A}"
EndProject
Project("{9A19103F-16F7-4668-BE54-9A1E7A4F7556}") = "GenericMvc", "src\GenericMvc\GenericMvc.csproj", "{4A5D4291-1E31-4721-956B-681C4CF87B3B}"
EndProject
Project("{9A19103F-16F7-4668-BE54-9A1E7A4F7556}") = "GenericMvc.Tests", "test\GenericMvc.Tests\GenericMvc.Tests.csproj", "{362A372D-56C5-4F97-8681-9C9FF40CE30A}"
EndProject
Project("{9A19103F-16F7-4668-BE54-9A1E7A4F7556}") = "GenericMvc.Test.Lib", "src\GenericMvc.Test.Library\GenericMvc.Test.Lib.csproj", "{0D63026E-6537-4BFA-890C-5D0A2485DF60}"
EndProject
Project("{9A19103F-16F7-4668-BE54-9A1E7A4F7556}") = "GenericMvc.Test.App", "test\GenericMvc.Test.App\GenericMvc.Test.App.csproj", "{B81D036B-D703-46B2-81B9-E724B85DC8BC}"
EndProject
Project("{FAE04EC0-301F-11D3-BF4B-00C04F79EFBC}") = "GenericMvc.Models", "src\GenericMvc.Models\GenericMvc.Models.csproj", "{3568A96A-709F-46F5-AAAD-B71F0B1B051B}"
EndProject
Project("{FAE04EC0-301F-11D3-BF4B-00C04F79EFBC}") = "GenericMvc.Clients", "src\GenericMvc.Clients\GenericMvc.Clients.csproj", "{DEF51CF3-5F6E-4781-9382-D0094ED8BFB5}"
EndProject
Project("{FAE04EC0-301F-11D3-BF4B-00C04F79EFBC}") = "GenericMvc.Files", "src\GenericMvc.Files\GenericMvc.Files.csproj", "{8D32F8D9-D287-4796-B5C6-8B2DB8F9E8FB}"
EndProject
Project("{FAE04EC0-301F-11D3-BF4B-00C04F79EFBC}") = "GenericMvc.Auth", "src\GenericMvc.Auth\GenericMvc.Auth.csproj", "{A903DC81-B23C-4D78-8F4E-0E88FCCE679A}"
EndProject
Project("{FAE04EC0-301F-11D3-BF4B-00C04F79EFBC}") = "GenericMvc.Repositories", "src\GenericMvc.Repositories\GenericMvc.Repositories.csproj", "{1A41972D-6185-43FC-9D96-C81E9DA91E7B}"
EndProject
Project("{FAE04EC0-301F-11D3-BF4B-00C04F79EFBC}") = "GenericMvc.Api", "src\GenericMvc.Api\GenericMvc.Api.csproj", "{F8DD755F-A94A-4E1C-972D-09D8D0007F39}"
EndProject
Global
	GlobalSection(SolutionConfigurationPlatforms) = preSolution
		Debug|Any CPU = Debug|Any CPU
		Release|Any CPU = Release|Any CPU
	EndGlobalSection
	GlobalSection(ProjectConfigurationPlatforms) = postSolution
		{4A5D4291-1E31-4721-956B-681C4CF87B3B}.Debug|Any CPU.ActiveCfg = Debug|Any CPU
		{4A5D4291-1E31-4721-956B-681C4CF87B3B}.Debug|Any CPU.Build.0 = Debug|Any CPU
		{4A5D4291-1E31-4721-956B-681C4CF87B3B}.Release|Any CPU.ActiveCfg = Release|Any CPU
		{4A5D4291-1E31-4721-956B-681C4CF87B3B}.Release|Any CPU.Build.0 = Release|Any CPU
		{362A372D-56C5-4F97-8681-9C9FF40CE30A}.Debug|Any CPU.ActiveCfg = Debug|Any CPU
		{362A372D-56C5-4F97-8681-9C9FF40CE30A}.Debug|Any CPU.Build.0 = Debug|Any CPU
		{362A372D-56C5-4F97-8681-9C9FF40CE30A}.Release|Any CPU.ActiveCfg = Release|Any CPU
		{362A372D-56C5-4F97-8681-9C9FF40CE30A}.Release|Any CPU.Build.0 = Release|Any CPU
		{0D63026E-6537-4BFA-890C-5D0A2485DF60}.Debug|Any CPU.ActiveCfg = Debug|Any CPU
		{0D63026E-6537-4BFA-890C-5D0A2485DF60}.Debug|Any CPU.Build.0 = Debug|Any CPU
		{0D63026E-6537-4BFA-890C-5D0A2485DF60}.Release|Any CPU.ActiveCfg = Release|Any CPU
		{0D63026E-6537-4BFA-890C-5D0A2485DF60}.Release|Any CPU.Build.0 = Release|Any CPU
		{B81D036B-D703-46B2-81B9-E724B85DC8BC}.Debug|Any CPU.ActiveCfg = Debug|Any CPU
		{B81D036B-D703-46B2-81B9-E724B85DC8BC}.Debug|Any CPU.Build.0 = Debug|Any CPU
		{B81D036B-D703-46B2-81B9-E724B85DC8BC}.Release|Any CPU.ActiveCfg = Release|Any CPU
		{B81D036B-D703-46B2-81B9-E724B85DC8BC}.Release|Any CPU.Build.0 = Release|Any CPU
		{3568A96A-709F-46F5-AAAD-B71F0B1B051B}.Debug|Any CPU.ActiveCfg = Debug|Any CPU
		{3568A96A-709F-46F5-AAAD-B71F0B1B051B}.Debug|Any CPU.Build.0 = Debug|Any CPU
		{3568A96A-709F-46F5-AAAD-B71F0B1B051B}.Release|Any CPU.ActiveCfg = Release|Any CPU
		{3568A96A-709F-46F5-AAAD-B71F0B1B051B}.Release|Any CPU.Build.0 = Release|Any CPU
		{DEF51CF3-5F6E-4781-9382-D0094ED8BFB5}.Debug|Any CPU.ActiveCfg = Debug|Any CPU
		{DEF51CF3-5F6E-4781-9382-D0094ED8BFB5}.Debug|Any CPU.Build.0 = Debug|Any CPU
		{DEF51CF3-5F6E-4781-9382-D0094ED8BFB5}.Release|Any CPU.ActiveCfg = Release|Any CPU
		{DEF51CF3-5F6E-4781-9382-D0094ED8BFB5}.Release|Any CPU.Build.0 = Release|Any CPU
		{8D32F8D9-D287-4796-B5C6-8B2DB8F9E8FB}.Debug|Any CPU.ActiveCfg = Debug|Any CPU
		{8D32F8D9-D287-4796-B5C6-8B2DB8F9E8FB}.Debug|Any CPU.Build.0 = Debug|Any CPU
		{8D32F8D9-D287-4796-B5C6-8B2DB8F9E8FB}.Release|Any CPU.ActiveCfg = Release|Any CPU
		{8D32F8D9-D287-4796-B5C6-8B2DB8F9E8FB}.Release|Any CPU.Build.0 = Release|Any CPU
		{A903DC81-B23C-4D78-8F4E-0E88FCCE679A}.Debug|Any CPU.ActiveCfg = Debug|Any CPU
		{A903DC81-B23C-4D78-8F4E-0E88FCCE679A}.Debug|Any CPU.Build.0 = Debug|Any CPU
		{A903DC81-B23C-4D78-8F4E-0E88FCCE679A}.Release|Any CPU.ActiveCfg = Release|Any CPU
		{A903DC81-B23C-4D78-8F4E-0E88FCCE679A}.Release|Any CPU.Build.0 = Release|Any CPU
		{1A41972D-6185-43FC-9D96-C81E9DA91E7B}.Debug|Any CPU.ActiveCfg = Debug|Any CPU
		{1A41972D-6185-43FC-9D96-C81E9DA91E7B}.Debug|Any CPU.Build.0 = Debug|Any CPU
		{1A41972D-6185-43FC-9D96-C81E9DA91E7B}.Release|Any CPU.ActiveCfg = Release|Any CPU
		{1A41972D-6185-43FC-9D96-C81E9DA91E7B}.Release|Any CPU.Build.0 = Release|Any CPU
		{F8DD755F-A94A-4E1C-972D-09D8D0007F39}.Debug|Any CPU.ActiveCfg = Debug|Any CPU
		{F8DD755F-A94A-4E1C-972D-09D8D0007F39}.Debug|Any CPU.Build.0 = Debug|Any CPU
		{F8DD755F-A94A-4E1C-972D-09D8D0007F39}.Release|Any CPU.ActiveCfg = Release|Any CPU
		{F8DD755F-A94A-4E1C-972D-09D8D0007F39}.Release|Any CPU.Build.0 = Release|Any CPU
	EndGlobalSection
	GlobalSection(SolutionProperties) = preSolution
		HideSolutionNode = FALSE
	EndGlobalSection
	GlobalSection(NestedProjects) = preSolution
		{4A5D4291-1E31-4721-956B-681C4CF87B3B} = {76C8C261-C3E5-4708-A352-41C0510CB3A0}
		{362A372D-56C5-4F97-8681-9C9FF40CE30A} = {B3BA7BC4-C4C6-4538-A568-CB2DD883BA3A}
		{0D63026E-6537-4BFA-890C-5D0A2485DF60} = {76C8C261-C3E5-4708-A352-41C0510CB3A0}
		{B81D036B-D703-46B2-81B9-E724B85DC8BC} = {B3BA7BC4-C4C6-4538-A568-CB2DD883BA3A}
		{3568A96A-709F-46F5-AAAD-B71F0B1B051B} = {76C8C261-C3E5-4708-A352-41C0510CB3A0}
		{DEF51CF3-5F6E-4781-9382-D0094ED8BFB5} = {76C8C261-C3E5-4708-A352-41C0510CB3A0}
		{8D32F8D9-D287-4796-B5C6-8B2DB8F9E8FB} = {76C8C261-C3E5-4708-A352-41C0510CB3A0}
		{A903DC81-B23C-4D78-8F4E-0E88FCCE679A} = {76C8C261-C3E5-4708-A352-41C0510CB3A0}
		{1A41972D-6185-43FC-9D96-C81E9DA91E7B} = {76C8C261-C3E5-4708-A352-41C0510CB3A0}
		{F8DD755F-A94A-4E1C-972D-09D8D0007F39} = {76C8C261-C3E5-4708-A352-41C0510CB3A0}
	EndGlobalSection
EndGlobal
